
Microsoft Visual Studio Solution File, Format Version 12.00
# Visual Studio 15
VisualStudioVersion = 15.0.27130.2027
MinimumVisualStudioVersion = 10.0.40219.1
Project("{9092AA53-FB77-4645-B42D-1CCCA6BD08BD}") = "RunApplication", "RunApplication\RunApplication.njsproj", "{A9E76D3A-8B0D-4271-8ABB-D74C3420A068}"
EndProject
Global
	GlobalSection(SolutionConfigurationPlatforms) = preSolution
		Debug|Any CPU = Debug|Any CPU
		Release|Any CPU = Release|Any CPU
	EndGlobalSection
	GlobalSection(ProjectConfigurationPlatforms) = postSolution
		{A9E76D3A-8B0D-4271-8ABB-D74C3420A068}.Debug|Any CPU.ActiveCfg = Debug|Any CPU
		{A9E76D3A-8B0D-4271-8ABB-D74C3420A068}.Debug|Any CPU.Build.0 = Debug|Any CPU
		{A9E76D3A-8B0D-4271-8ABB-D74C3420A068}.Release|Any CPU.ActiveCfg = Release|Any CPU
		{A9E76D3A-8B0D-4271-8ABB-D74C3420A068}.Release|Any CPU.Build.0 = Release|Any CPU
	EndGlobalSection
	GlobalSection(SolutionProperties) = preSolution
		HideSolutionNode = FALSE
	EndGlobalSection
	GlobalSection(ExtensibilityGlobals) = postSolution
		SolutionGuid = {B35DF894-C14E-4FE9-9DAB-F7924DE895B7}
	EndGlobalSection
EndGlobal
